// !$*UTF8*$!
{
	archiveVersion = 1;
	classes = {
	};
	objectVersion = 46;
	objects = {

/* Begin PBXBuildFile section */
		3E61037A1CE093310055A3A5 /* QStarController.m in Sources */ = {isa = PBXBuildFile; fileRef = 3E6103791CE093310055A3A5 /* QStarController.m */; settings = {ASSET_TAGS = (); }; };
		3E9AED301CE06751001F77D5 /* main.m in Sources */ = {isa = PBXBuildFile; fileRef = 3E9AED2F1CE06751001F77D5 /* main.m */; };
		3E9AED3B1CE06751001F77D5 /* Assets.xcassets in Resources */ = {isa = PBXBuildFile; fileRef = 3E9AED3A1CE06751001F77D5 /* Assets.xcassets */; };
		3E9AED3E1CE06751001F77D5 /* LaunchScreen.storyboard in Resources */ = {isa = PBXBuildFile; fileRef = 3E9AED3C1CE06751001F77D5 /* LaunchScreen.storyboard */; };
		3E9AED491CE06751001F77D5 /* toolsDemoTests.m in Sources */ = {isa = PBXBuildFile; fileRef = 3E9AED481CE06751001F77D5 /* toolsDemoTests.m */; };
		3E9AED541CE06751001F77D5 /* toolsDemoUITests.m in Sources */ = {isa = PBXBuildFile; fileRef = 3E9AED531CE06751001F77D5 /* toolsDemoUITests.m */; };
		3E9AED721CE067D5001F77D5 /* UIBarButtonItem+XCC.m in Sources */ = {isa = PBXBuildFile; fileRef = 3E9AED641CE067D5001F77D5 /* UIBarButtonItem+XCC.m */; settings = {ASSET_TAGS = (); }; };
		3E9AED731CE067D5001F77D5 /* UINavigationItem+custom.m in Sources */ = {isa = PBXBuildFile; fileRef = 3E9AED661CE067D5001F77D5 /* UINavigationItem+custom.m */; settings = {ASSET_TAGS = (); }; };
		3E9AED741CE067D5001F77D5 /* CCNavigationController.m in Sources */ = {isa = PBXBuildFile; fileRef = 3E9AED681CE067D5001F77D5 /* CCNavigationController.m */; settings = {ASSET_TAGS = (); }; };
		3E9AED751CE067D5001F77D5 /* CCTabBar.m in Sources */ = {isa = PBXBuildFile; fileRef = 3E9AED6A1CE067D5001F77D5 /* CCTabBar.m */; settings = {ASSET_TAGS = (); }; };
		3E9AED761CE067D5001F77D5 /* CCTabController.m in Sources */ = {isa = PBXBuildFile; fileRef = 3E9AED6C1CE067D5001F77D5 /* CCTabController.m */; settings = {ASSET_TAGS = (); }; };
		3E9AED771CE067D5001F77D5 /* CCTabItem.m in Sources */ = {isa = PBXBuildFile; fileRef = 3E9AED6E1CE067D5001F77D5 /* CCTabItem.m */; settings = {ASSET_TAGS = (); }; };
		3E9AED781CE067D5001F77D5 /* XCBack.png in Resources */ = {isa = PBXBuildFile; fileRef = 3E9AED701CE067D5001F77D5 /* XCBack.png */; settings = {ASSET_TAGS = (); }; };
		3E9AED791CE067D5001F77D5 /* XChome.png in Resources */ = {isa = PBXBuildFile; fileRef = 3E9AED711CE067D5001F77D5 /* XChome.png */; settings = {ASSET_TAGS = (); }; };
		3E9AED871CE067DD001F77D5 /* UITableView+SDAutoTableViewCellHeight.m in Sources */ = {isa = PBXBuildFile; fileRef = 3E9AED7D1CE067DD001F77D5 /* UITableView+SDAutoTableViewCellHeight.m */; settings = {ASSET_TAGS = (); }; };
		3E9AED881CE067DD001F77D5 /* UIView+SDAutoLayout.m in Sources */ = {isa = PBXBuildFile; fileRef = 3E9AED7F1CE067DD001F77D5 /* UIView+SDAutoLayout.m */; settings = {ASSET_TAGS = (); }; };
		3E9AED891CE067DD001F77D5 /* SVIndefiniteAnimatedView.m in Sources */ = {isa = PBXBuildFile; fileRef = 3E9AED821CE067DD001F77D5 /* SVIndefiniteAnimatedView.m */; settings = {ASSET_TAGS = (); }; };
		3E9AED8A1CE067DD001F77D5 /* SVProgressHUD.bundle in Resources */ = {isa = PBXBuildFile; fileRef = 3E9AED841CE067DD001F77D5 /* SVProgressHUD.bundle */; settings = {ASSET_TAGS = (); }; };
		3E9AED8B1CE067DD001F77D5 /* SVProgressHUD.m in Sources */ = {isa = PBXBuildFile; fileRef = 3E9AED861CE067DD001F77D5 /* SVProgressHUD.m */; settings = {ASSET_TAGS = (); }; };
		3E9AED941CE06827001F77D5 /* MainController.m in Sources */ = {isa = PBXBuildFile; fileRef = 3E9AED901CE06827001F77D5 /* MainController.m */; settings = {ASSET_TAGS = (); }; };
		3E9AED951CE06827001F77D5 /* AppDelegate.m in Sources */ = {isa = PBXBuildFile; fileRef = 3E9AED931CE06827001F77D5 /* AppDelegate.m */; settings = {ASSET_TAGS = (); }; };
		3E9AED9D1CE06860001F77D5 /* DemoCell.m in Sources */ = {isa = PBXBuildFile; fileRef = 3E9AED9A1CE06860001F77D5 /* DemoCell.m */; settings = {ASSET_TAGS = (); }; };
		3E9AED9E1CE06860001F77D5 /* OneController.m in Sources */ = {isa = PBXBuildFile; fileRef = 3E9AED9C1CE06860001F77D5 /* OneController.m */; settings = {ASSET_TAGS = (); }; };
		3E9AEDA51CE0693B001F77D5 /* AddViewController.m in Sources */ = {isa = PBXBuildFile; fileRef = 3E9AEDA41CE0693B001F77D5 /* AddViewController.m */; settings = {ASSET_TAGS = (); }; };
		3E9AEDA81CE0698A001F77D5 /* ContactViewController.m in Sources */ = {isa = PBXBuildFile; fileRef = 3E9AEDA71CE0698A001F77D5 /* ContactViewController.m */; settings = {ASSET_TAGS = (); }; };
		3E9AEDAB1CE069A4001F77D5 /* EditViewController.m in Sources */ = {isa = PBXBuildFile; fileRef = 3E9AEDAA1CE069A4001F77D5 /* EditViewController.m */; settings = {ASSET_TAGS = (); }; };
		3E9AEDAE1CE069B6001F77D5 /* LoginViewController.m in Sources */ = {isa = PBXBuildFile; fileRef = 3E9AEDAD1CE069B6001F77D5 /* LoginViewController.m */; settings = {ASSET_TAGS = (); }; };
		3E9AEDB11CE069CD001F77D5 /* TwoController.m in Sources */ = {isa = PBXBuildFile; fileRef = 3E9AEDB01CE069CD001F77D5 /* TwoController.m */; settings = {ASSET_TAGS = (); }; };
		3E9AEDB41CE069DE001F77D5 /* Contact.m in Sources */ = {isa = PBXBuildFile; fileRef = 3E9AEDB31CE069DE001F77D5 /* Contact.m */; settings = {ASSET_TAGS = (); }; };
		3E9AEDBD1CE06EA8001F77D5 /* ImagePlayController.m in Sources */ = {isa = PBXBuildFile; fileRef = 3E9AEDBC1CE06EA8001F77D5 /* ImagePlayController.m */; settings = {ASSET_TAGS = (); }; };
		3E9AEDC01CE06EC9001F77D5 /* QCollectionViewCell.m in Sources */ = {isa = PBXBuildFile; fileRef = 3E9AEDBF1CE06EC9001F77D5 /* QCollectionViewCell.m */; settings = {ASSET_TAGS = (); }; };
		3E9AEDC31CE06F73001F77D5 /* LockView.m in Sources */ = {isa = PBXBuildFile; fileRef = 3E9AEDC21CE06F73001F77D5 /* LockView.m */; settings = {ASSET_TAGS = (); }; };
		3E9AEDC61CE06F88001F77D5 /* LockController.m in Sources */ = {isa = PBXBuildFile; fileRef = 3E9AEDC51CE06F88001F77D5 /* LockController.m */; settings = {ASSET_TAGS = (); }; };
/* End PBXBuildFile section */

/* Begin PBXContainerItemProxy section */
		3E9AED451CE06751001F77D5 /* PBXContainerItemProxy */ = {
			isa = PBXContainerItemProxy;
			containerPortal = 3E9AED231CE06751001F77D5 /* Project object */;
			proxyType = 1;
			remoteGlobalIDString = 3E9AED2A1CE06751001F77D5;
			remoteInfo = toolsDemo;
		};
		3E9AED501CE06751001F77D5 /* PBXContainerItemProxy */ = {
			isa = PBXContainerItemProxy;
			containerPortal = 3E9AED231CE06751001F77D5 /* Project object */;
			proxyType = 1;
			remoteGlobalIDString = 3E9AED2A1CE06751001F77D5;
			remoteInfo = toolsDemo;
		};
/* End PBXContainerItemProxy section */

/* Begin PBXFileReference section */
		3E6103781CE093310055A3A5 /* QStarController.h */ = {isa = PBXFileReference; fileEncoding = 4; lastKnownFileType = sourcecode.c.h; path = QStarController.h; sourceTree = "<group>"; };
		3E6103791CE093310055A3A5 /* QStarController.m */ = {isa = PBXFileReference; fileEncoding = 4; lastKnownFileType = sourcecode.c.objc; path = QStarController.m; sourceTree = "<group>"; };
		3E9AED2B1CE06751001F77D5 /* toolsDemo.app */ = {isa = PBXFileReference; explicitFileType = wrapper.application; includeInIndex = 0; path = toolsDemo.app; sourceTree = BUILT_PRODUCTS_DIR; };
		3E9AED2F1CE06751001F77D5 /* main.m */ = {isa = PBXFileReference; lastKnownFileType = sourcecode.c.objc; path = main.m; sourceTree = "<group>"; };
		3E9AED3A1CE06751001F77D5 /* Assets.xcassets */ = {isa = PBXFileReference; lastKnownFileType = folder.assetcatalog; path = Assets.xcassets; sourceTree = "<group>"; };
		3E9AED3D1CE06751001F77D5 /* Base */ = {isa = PBXFileReference; lastKnownFileType = file.storyboard; name = Base; path = Base.lproj/LaunchScreen.storyboard; sourceTree = "<group>"; };
		3E9AED3F1CE06751001F77D5 /* Info.plist */ = {isa = PBXFileReference; lastKnownFileType = text.plist.xml; name = Info.plist; path = ../Info.plist; sourceTree = "<group>"; };
		3E9AED441CE06751001F77D5 /* toolsDemoTests.xctest */ = {isa = PBXFileReference; explicitFileType = wrapper.cfbundle; includeInIndex = 0; path = toolsDemoTests.xctest; sourceTree = BUILT_PRODUCTS_DIR; };
		3E9AED481CE06751001F77D5 /* toolsDemoTests.m */ = {isa = PBXFileReference; lastKnownFileType = sourcecode.c.objc; path = toolsDemoTests.m; sourceTree = "<group>"; };
		3E9AED4A1CE06751001F77D5 /* Info.plist */ = {isa = PBXFileReference; lastKnownFileType = text.plist.xml; path = Info.plist; sourceTree = "<group>"; };
		3E9AED4F1CE06751001F77D5 /* toolsDemoUITests.xctest */ = {isa = PBXFileReference; explicitFileType = wrapper.cfbundle; includeInIndex = 0; path = toolsDemoUITests.xctest; sourceTree = BUILT_PRODUCTS_DIR; };
		3E9AED531CE06751001F77D5 /* toolsDemoUITests.m */ = {isa = PBXFileReference; lastKnownFileType = sourcecode.c.objc; path = toolsDemoUITests.m; sourceTree = "<group>"; };
		3E9AED551CE06751001F77D5 /* Info.plist */ = {isa = PBXFileReference; lastKnownFileType = text.plist.xml; path = Info.plist; sourceTree = "<group>"; };
		3E9AED631CE067D5001F77D5 /* UIBarButtonItem+XCC.h */ = {isa = PBXFileReference; fileEncoding = 4; lastKnownFileType = sourcecode.c.h; path = "UIBarButtonItem+XCC.h"; sourceTree = "<group>"; };
		3E9AED641CE067D5001F77D5 /* UIBarButtonItem+XCC.m */ = {isa = PBXFileReference; fileEncoding = 4; lastKnownFileType = sourcecode.c.objc; path = "UIBarButtonItem+XCC.m"; sourceTree = "<group>"; };
		3E9AED651CE067D5001F77D5 /* UINavigationItem+custom.h */ = {isa = PBXFileReference; fileEncoding = 4; lastKnownFileType = sourcecode.c.h; path = "UINavigationItem+custom.h"; sourceTree = "<group>"; };
		3E9AED661CE067D5001F77D5 /* UINavigationItem+custom.m */ = {isa = PBXFileReference; fileEncoding = 4; lastKnownFileType = sourcecode.c.objc; path = "UINavigationItem+custom.m"; sourceTree = "<group>"; };
		3E9AED671CE067D5001F77D5 /* CCNavigationController.h */ = {isa = PBXFileReference; fileEncoding = 4; lastKnownFileType = sourcecode.c.h; path = CCNavigationController.h; sourceTree = "<group>"; };
		3E9AED681CE067D5001F77D5 /* CCNavigationController.m */ = {isa = PBXFileReference; fileEncoding = 4; lastKnownFileType = sourcecode.c.objc; path = CCNavigationController.m; sourceTree = "<group>"; };
		3E9AED691CE067D5001F77D5 /* CCTabBar.h */ = {isa = PBXFileReference; fileEncoding = 4; lastKnownFileType = sourcecode.c.h; path = CCTabBar.h; sourceTree = "<group>"; };
		3E9AED6A1CE067D5001F77D5 /* CCTabBar.m */ = {isa = PBXFileReference; fileEncoding = 4; lastKnownFileType = sourcecode.c.objc; path = CCTabBar.m; sourceTree = "<group>"; };
		3E9AED6B1CE067D5001F77D5 /* CCTabController.h */ = {isa = PBXFileReference; fileEncoding = 4; lastKnownFileType = sourcecode.c.h; path = CCTabController.h; sourceTree = "<group>"; };
		3E9AED6C1CE067D5001F77D5 /* CCTabController.m */ = {isa = PBXFileReference; fileEncoding = 4; lastKnownFileType = sourcecode.c.objc; path = CCTabController.m; sourceTree = "<group>"; };
		3E9AED6D1CE067D5001F77D5 /* CCTabItem.h */ = {isa = PBXFileReference; fileEncoding = 4; lastKnownFileType = sourcecode.c.h; path = CCTabItem.h; sourceTree = "<group>"; };
		3E9AED6E1CE067D5001F77D5 /* CCTabItem.m */ = {isa = PBXFileReference; fileEncoding = 4; lastKnownFileType = sourcecode.c.objc; path = CCTabItem.m; sourceTree = "<group>"; };
		3E9AED701CE067D5001F77D5 /* XCBack.png */ = {isa = PBXFileReference; lastKnownFileType = image.png; path = XCBack.png; sourceTree = "<group>"; };
		3E9AED711CE067D5001F77D5 /* XChome.png */ = {isa = PBXFileReference; lastKnownFileType = image.png; path = XChome.png; sourceTree = "<group>"; };
		3E9AED7C1CE067DD001F77D5 /* UITableView+SDAutoTableViewCellHeight.h */ = {isa = PBXFileReference; fileEncoding = 4; lastKnownFileType = sourcecode.c.h; path = "UITableView+SDAutoTableViewCellHeight.h"; sourceTree = "<group>"; };
		3E9AED7D1CE067DD001F77D5 /* UITableView+SDAutoTableViewCellHeight.m */ = {isa = PBXFileReference; fileEncoding = 4; lastKnownFileType = sourcecode.c.objc; path = "UITableView+SDAutoTableViewCellHeight.m"; sourceTree = "<group>"; };
		3E9AED7E1CE067DD001F77D5 /* UIView+SDAutoLayout.h */ = {isa = PBXFileReference; fileEncoding = 4; lastKnownFileType = sourcecode.c.h; path = "UIView+SDAutoLayout.h"; sourceTree = "<group>"; };
		3E9AED7F1CE067DD001F77D5 /* UIView+SDAutoLayout.m */ = {isa = PBXFileReference; fileEncoding = 4; lastKnownFileType = sourcecode.c.objc; path = "UIView+SDAutoLayout.m"; sourceTree = "<group>"; };
		3E9AED811CE067DD001F77D5 /* SVIndefiniteAnimatedView.h */ = {isa = PBXFileReference; fileEncoding = 4; lastKnownFileType = sourcecode.c.h; path = SVIndefiniteAnimatedView.h; sourceTree = "<group>"; };
		3E9AED821CE067DD001F77D5 /* SVIndefiniteAnimatedView.m */ = {isa = PBXFileReference; fileEncoding = 4; lastKnownFileType = sourcecode.c.objc; path = SVIndefiniteAnimatedView.m; sourceTree = "<group>"; };
		3E9AED831CE067DD001F77D5 /* SVProgressHUD-Prefix.pch */ = {isa = PBXFileReference; fileEncoding = 4; lastKnownFileType = sourcecode.c.h; path = "SVProgressHUD-Prefix.pch"; sourceTree = "<group>"; };
		3E9AED841CE067DD001F77D5 /* SVProgressHUD.bundle */ = {isa = PBXFileReference; lastKnownFileType = "wrapper.plug-in"; path = SVProgressHUD.bundle; sourceTree = "<group>"; };
		3E9AED851CE067DD001F77D5 /* SVProgressHUD.h */ = {isa = PBXFileReference; fileEncoding = 4; lastKnownFileType = sourcecode.c.h; path = SVProgressHUD.h; sourceTree = "<group>"; };
		3E9AED861CE067DD001F77D5 /* SVProgressHUD.m */ = {isa = PBXFileReference; fileEncoding = 4; lastKnownFileType = sourcecode.c.objc; path = SVProgressHUD.m; sourceTree = "<group>"; };
		3E9AED8F1CE06827001F77D5 /* MainController.h */ = {isa = PBXFileReference; fileEncoding = 4; lastKnownFileType = sourcecode.c.h; path = MainController.h; sourceTree = "<group>"; };
		3E9AED901CE06827001F77D5 /* MainController.m */ = {isa = PBXFileReference; fileEncoding = 4; lastKnownFileType = sourcecode.c.objc; path = MainController.m; sourceTree = "<group>"; };
		3E9AED921CE06827001F77D5 /* AppDelegate.h */ = {isa = PBXFileReference; fileEncoding = 4; lastKnownFileType = sourcecode.c.h; path = AppDelegate.h; sourceTree = "<group>"; };
		3E9AED931CE06827001F77D5 /* AppDelegate.m */ = {isa = PBXFileReference; fileEncoding = 4; lastKnownFileType = sourcecode.c.objc; path = AppDelegate.m; sourceTree = "<group>"; };
		3E9AED991CE06860001F77D5 /* DemoCell.h */ = {isa = PBXFileReference; fileEncoding = 4; lastKnownFileType = sourcecode.c.h; path = DemoCell.h; sourceTree = "<group>"; };
		3E9AED9A1CE06860001F77D5 /* DemoCell.m */ = {isa = PBXFileReference; fileEncoding = 4; lastKnownFileType = sourcecode.c.objc; path = DemoCell.m; sourceTree = "<group>"; };
		3E9AED9B1CE06860001F77D5 /* OneController.h */ = {isa = PBXFileReference; fileEncoding = 4; lastKnownFileType = sourcecode.c.h; path = OneController.h; sourceTree = "<group>"; };
		3E9AED9C1CE06860001F77D5 /* OneController.m */ = {isa = PBXFileReference; fileEncoding = 4; lastKnownFileType = sourcecode.c.objc; path = OneController.m; sourceTree = "<group>"; };
		3E9AEDA31CE0693B001F77D5 /* AddViewController.h */ = {isa = PBXFileReference; fileEncoding = 4; lastKnownFileType = sourcecode.c.h; path = AddViewController.h; sourceTree = "<group>"; };
		3E9AEDA41CE0693B001F77D5 /* AddViewController.m */ = {isa = PBXFileReference; fileEncoding = 4; lastKnownFileType = sourcecode.c.objc; path = AddViewController.m; sourceTree = "<group>"; };
		3E9AEDA61CE0698A001F77D5 /* ContactViewController.h */ = {isa = PBXFileReference; fileEncoding = 4; lastKnownFileType = sourcecode.c.h; path = ContactViewController.h; sourceTree = "<group>"; };
		3E9AEDA71CE0698A001F77D5 /* ContactViewController.m */ = {isa = PBXFileReference; fileEncoding = 4; lastKnownFileType = sourcecode.c.objc; path = ContactViewController.m; sourceTree = "<group>"; };
		3E9AEDA91CE069A4001F77D5 /* EditViewController.h */ = {isa = PBXFileReference; fileEncoding = 4; lastKnownFileType = sourcecode.c.h; path = EditViewController.h; sourceTree = "<group>"; };
		3E9AEDAA1CE069A4001F77D5 /* EditViewController.m */ = {isa = PBXFileReference; fileEncoding = 4; lastKnownFileType = sourcecode.c.objc; path = EditViewController.m; sourceTree = "<group>"; };
		3E9AEDAC1CE069B6001F77D5 /* LoginViewController.h */ = {isa = PBXFileReference; fileEncoding = 4; lastKnownFileType = sourcecode.c.h; path = LoginViewController.h; sourceTree = "<group>"; };
		3E9AEDAD1CE069B6001F77D5 /* LoginViewController.m */ = {isa = PBXFileReference; fileEncoding = 4; lastKnownFileType = sourcecode.c.objc; path = LoginViewController.m; sourceTree = "<group>"; };
		3E9AEDAF1CE069CD001F77D5 /* TwoController.h */ = {isa = PBXFileReference; fileEncoding = 4; lastKnownFileType = sourcecode.c.h; path = TwoController.h; sourceTree = "<group>"; };
		3E9AEDB01CE069CD001F77D5 /* TwoController.m */ = {isa = PBXFileReference; fileEncoding = 4; lastKnownFileType = sourcecode.c.objc; path = TwoController.m; sourceTree = "<group>"; };
		3E9AEDB21CE069DE001F77D5 /* Contact.h */ = {isa = PBXFileReference; fileEncoding = 4; lastKnownFileType = sourcecode.c.h; path = Contact.h; sourceTree = "<group>"; };
		3E9AEDB31CE069DE001F77D5 /* Contact.m */ = {isa = PBXFileReference; fileEncoding = 4; lastKnownFileType = sourcecode.c.objc; path = Contact.m; sourceTree = "<group>"; };
		3E9AEDBB1CE06EA8001F77D5 /* ImagePlayController.h */ = {isa = PBXFileReference; fileEncoding = 4; lastKnownFileType = sourcecode.c.h; path = ImagePlayController.h; sourceTree = "<group>"; };
		3E9AEDBC1CE06EA8001F77D5 /* ImagePlayController.m */ = {isa = PBXFileReference; fileEncoding = 4; lastKnownFileType = sourcecode.c.objc; path = ImagePlayController.m; sourceTree = "<group>"; };
		3E9AEDBE1CE06EC9001F77D5 /* QCollectionViewCell.h */ = {isa = PBXFileReference; fileEncoding = 4; lastKnownFileType = sourcecode.c.h; path = QCollectionViewCell.h; sourceTree = "<group>"; };
		3E9AEDBF1CE06EC9001F77D5 /* QCollectionViewCell.m */ = {isa = PBXFileReference; fileEncoding = 4; lastKnownFileType = sourcecode.c.objc; path = QCollectionViewCell.m; sourceTree = "<group>"; };
		3E9AEDC11CE06F73001F77D5 /* LockView.h */ = {isa = PBXFileReference; fileEncoding = 4; lastKnownFileType = sourcecode.c.h; path = LockView.h; sourceTree = "<group>"; };
		3E9AEDC21CE06F73001F77D5 /* LockView.m */ = {isa = PBXFileReference; fileEncoding = 4; lastKnownFileType = sourcecode.c.objc; path = LockView.m; sourceTree = "<group>"; };
		3E9AEDC41CE06F88001F77D5 /* LockController.h */ = {isa = PBXFileReference; fileEncoding = 4; lastKnownFileType = sourcecode.c.h; name = LockController.h; path = toolsDemo/Classes/Lock/LockController.h; sourceTree = SOURCE_ROOT; };
		3E9AEDC51CE06F88001F77D5 /* LockController.m */ = {isa = PBXFileReference; fileEncoding = 4; lastKnownFileType = sourcecode.c.objc; name = LockController.m; path = toolsDemo/Classes/Lock/LockController.m; sourceTree = SOURCE_ROOT; };
/* End PBXFileReference section */

/* Begin PBXFrameworksBuildPhase section */
		3E9AED281CE06751001F77D5 /* Frameworks */ = {
			isa = PBXFrameworksBuildPhase;
			buildActionMask = 2147483647;
			files = (
			);
			runOnlyForDeploymentPostprocessing = 0;
		};
		3E9AED411CE06751001F77D5 /* Frameworks */ = {
			isa = PBXFrameworksBuildPhase;
			buildActionMask = 2147483647;
			files = (
			);
			runOnlyForDeploymentPostprocessing = 0;
		};
		3E9AED4C1CE06751001F77D5 /* Frameworks */ = {
			isa = PBXFrameworksBuildPhase;
			buildActionMask = 2147483647;
			files = (
			);
			runOnlyForDeploymentPostprocessing = 0;
		};
/* End PBXFrameworksBuildPhase section */

/* Begin PBXGroup section */
		3E9AED221CE06751001F77D5 = {
			isa = PBXGroup;
			children = (
				3E9AED2D1CE06751001F77D5 /* toolsDemo */,
				3E9AED471CE06751001F77D5 /* toolsDemoTests */,
				3E9AED521CE06751001F77D5 /* toolsDemoUITests */,
				3E9AED2C1CE06751001F77D5 /* Products */,
			);
			sourceTree = "<group>";
		};
		3E9AED2C1CE06751001F77D5 /* Products */ = {
			isa = PBXGroup;
			children = (
				3E9AED2B1CE06751001F77D5 /* toolsDemo.app */,
				3E9AED441CE06751001F77D5 /* toolsDemoTests.xctest */,
				3E9AED4F1CE06751001F77D5 /* toolsDemoUITests.xctest */,
			);
			name = Products;
			sourceTree = "<group>";
		};
		3E9AED2D1CE06751001F77D5 /* toolsDemo */ = {
			isa = PBXGroup;
			children = (
				3E9AED611CE067D5001F77D5 /* CCNavTab */,
				3E9AED961CE06860001F77D5 /* Classes */,
				3E9AED8D1CE06827001F77D5 /* Main */,
				3E9AED2E1CE06751001F77D5 /* Supporting Files */,
				3E9AED8C1CE067FA001F77D5 /* others */,
			);
			path = toolsDemo;
			sourceTree = "<group>";
		};
		3E9AED2E1CE06751001F77D5 /* Supporting Files */ = {
			isa = PBXGroup;
			children = (
				3E9AED3A1CE06751001F77D5 /* Assets.xcassets */,
				3E9AED7A1CE067DD001F77D5 /* Framewokes */,
				3E9AED2F1CE06751001F77D5 /* main.m */,
			);
			name = "Supporting Files";
			sourceTree = "<group>";
		};
		3E9AED471CE06751001F77D5 /* toolsDemoTests */ = {
			isa = PBXGroup;
			children = (
				3E9AED481CE06751001F77D5 /* toolsDemoTests.m */,
				3E9AED4A1CE06751001F77D5 /* Info.plist */,
			);
			path = toolsDemoTests;
			sourceTree = "<group>";
		};
		3E9AED521CE06751001F77D5 /* toolsDemoUITests */ = {
			isa = PBXGroup;
			children = (
				3E9AED531CE06751001F77D5 /* toolsDemoUITests.m */,
				3E9AED551CE06751001F77D5 /* Info.plist */,
			);
			path = toolsDemoUITests;
			sourceTree = "<group>";
		};
		3E9AED611CE067D5001F77D5 /* CCNavTab */ = {
			isa = PBXGroup;
			children = (
				3E9AED621CE067D5001F77D5 /* Category */,
				3E9AED671CE067D5001F77D5 /* CCNavigationController.h */,
				3E9AED681CE067D5001F77D5 /* CCNavigationController.m */,
				3E9AED691CE067D5001F77D5 /* CCTabBar.h */,
				3E9AED6A1CE067D5001F77D5 /* CCTabBar.m */,
				3E9AED6B1CE067D5001F77D5 /* CCTabController.h */,
				3E9AED6C1CE067D5001F77D5 /* CCTabController.m */,
				3E9AED6D1CE067D5001F77D5 /* CCTabItem.h */,
				3E9AED6E1CE067D5001F77D5 /* CCTabItem.m */,
				3E9AED6F1CE067D5001F77D5 /* resources */,
			);
			path = CCNavTab;
			sourceTree = "<group>";
		};
		3E9AED621CE067D5001F77D5 /* Category */ = {
			isa = PBXGroup;
			children = (
				3E9AED631CE067D5001F77D5 /* UIBarButtonItem+XCC.h */,
				3E9AED641CE067D5001F77D5 /* UIBarButtonItem+XCC.m */,
				3E9AED651CE067D5001F77D5 /* UINavigationItem+custom.h */,
				3E9AED661CE067D5001F77D5 /* UINavigationItem+custom.m */,
			);
			path = Category;
			sourceTree = "<group>";
		};
		3E9AED6F1CE067D5001F77D5 /* resources */ = {
			isa = PBXGroup;
			children = (
				3E9AED701CE067D5001F77D5 /* XCBack.png */,
				3E9AED711CE067D5001F77D5 /* XChome.png */,
			);
			path = resources;
			sourceTree = "<group>";
		};
		3E9AED7A1CE067DD001F77D5 /* Framewokes */ = {
			isa = PBXGroup;
			children = (
				3E9AED7B1CE067DD001F77D5 /* SDAutoLayout */,
				3E9AED801CE067DD001F77D5 /* SVProgressHUD */,
			);
			path = Framewokes;
			sourceTree = "<group>";
		};
		3E9AED7B1CE067DD001F77D5 /* SDAutoLayout */ = {
			isa = PBXGroup;
			children = (
				3E9AED7C1CE067DD001F77D5 /* UITableView+SDAutoTableViewCellHeight.h */,
				3E9AED7D1CE067DD001F77D5 /* UITableView+SDAutoTableViewCellHeight.m */,
				3E9AED7E1CE067DD001F77D5 /* UIView+SDAutoLayout.h */,
				3E9AED7F1CE067DD001F77D5 /* UIView+SDAutoLayout.m */,
			);
			path = SDAutoLayout;
			sourceTree = "<group>";
		};
		3E9AED801CE067DD001F77D5 /* SVProgressHUD */ = {
			isa = PBXGroup;
			children = (
				3E9AED811CE067DD001F77D5 /* SVIndefiniteAnimatedView.h */,
				3E9AED821CE067DD001F77D5 /* SVIndefiniteAnimatedView.m */,
				3E9AED831CE067DD001F77D5 /* SVProgressHUD-Prefix.pch */,
				3E9AED841CE067DD001F77D5 /* SVProgressHUD.bundle */,
				3E9AED851CE067DD001F77D5 /* SVProgressHUD.h */,
				3E9AED861CE067DD001F77D5 /* SVProgressHUD.m */,
			);
			path = SVProgressHUD;
			sourceTree = "<group>";
		};
		3E9AED8C1CE067FA001F77D5 /* others */ = {
			isa = PBXGroup;
			children = (
				3E9AED3C1CE06751001F77D5 /* LaunchScreen.storyboard */,
				3E9AED3F1CE06751001F77D5 /* Info.plist */,
			);
			path = others;
			sourceTree = "<group>";
		};
		3E9AED8D1CE06827001F77D5 /* Main */ = {
			isa = PBXGroup;
			children = (
				3E9AED8E1CE06827001F77D5 /* Controller */,
				3E9AED911CE06827001F77D5 /* others */,
			);
			path = Main;
			sourceTree = "<group>";
		};
		3E9AED8E1CE06827001F77D5 /* Controller */ = {
			isa = PBXGroup;
			children = (
				3E9AED8F1CE06827001F77D5 /* MainController.h */,
				3E9AED901CE06827001F77D5 /* MainController.m */,
			);
			path = Controller;
			sourceTree = "<group>";
		};
		3E9AED911CE06827001F77D5 /* others */ = {
			isa = PBXGroup;
			children = (
				3E9AED921CE06827001F77D5 /* AppDelegate.h */,
				3E9AED931CE06827001F77D5 /* AppDelegate.m */,
			);
			path = others;
			sourceTree = "<group>";
		};
		3E9AED961CE06860001F77D5 /* Classes */ = {
			isa = PBXGroup;
			children = (
				3E9AED971CE06860001F77D5 /* One */,
				3E9AED9F1CE068EE001F77D5 /* AddressBook */,
				3E9AEDB51CE06E58001F77D5 /* ImagePlay */,
				3E9AEDB81CE06E5F001F77D5 /* Lock */,
				3E9AEDD01CE07016001F77D5 /* Star */,
				3E9AEDC71CE07016001F77D5 /* Microblog */,
				3E9AEDCB1CE07016001F77D5 /* QQ */,
			);
			path = Classes;
			sourceTree = "<group>";
		};
		3E9AED971CE06860001F77D5 /* One */ = {
			isa = PBXGroup;
			children = (
				3E9AED981CE06860001F77D5 /* Controller */,
			);
			path = One;
			sourceTree = "<group>";
		};
		3E9AED981CE06860001F77D5 /* Controller */ = {
			isa = PBXGroup;
			children = (
				3E9AED991CE06860001F77D5 /* DemoCell.h */,
				3E9AED9A1CE06860001F77D5 /* DemoCell.m */,
				3E9AED9B1CE06860001F77D5 /* OneController.h */,
				3E9AED9C1CE06860001F77D5 /* OneController.m */,
			);
			path = Controller;
			sourceTree = "<group>";
		};
		3E9AED9F1CE068EE001F77D5 /* AddressBook */ = {
			isa = PBXGroup;
			children = (
				3E9AEDA01CE068EE001F77D5 /* Controller */,
				3E9AEDA11CE068EE001F77D5 /* Models */,
				3E9AEDA21CE068EE001F77D5 /* Views */,
			);
			path = AddressBook;
			sourceTree = "<group>";
		};
		3E9AEDA01CE068EE001F77D5 /* Controller */ = {
			isa = PBXGroup;
			children = (
				3E9AEDA31CE0693B001F77D5 /* AddViewController.h */,
				3E9AEDA41CE0693B001F77D5 /* AddViewController.m */,
				3E9AEDA61CE0698A001F77D5 /* ContactViewController.h */,
				3E9AEDA71CE0698A001F77D5 /* ContactViewController.m */,
				3E9AEDA91CE069A4001F77D5 /* EditViewController.h */,
				3E9AEDAA1CE069A4001F77D5 /* EditViewController.m */,
				3E9AEDAC1CE069B6001F77D5 /* LoginViewController.h */,
				3E9AEDAD1CE069B6001F77D5 /* LoginViewController.m */,
				3E9AEDAF1CE069CD001F77D5 /* TwoController.h */,
				3E9AEDB01CE069CD001F77D5 /* TwoController.m */,
			);
			path = Controller;
			sourceTree = "<group>";
		};
		3E9AEDA11CE068EE001F77D5 /* Models */ = {
			isa = PBXGroup;
			children = (
				3E9AEDB21CE069DE001F77D5 /* Contact.h */,
				3E9AEDB31CE069DE001F77D5 /* Contact.m */,
			);
			path = Models;
			sourceTree = "<group>";
		};
		3E9AEDA21CE068EE001F77D5 /* Views */ = {
			isa = PBXGroup;
			children = (
			);
			path = Views;
			sourceTree = "<group>";
		};
		3E9AEDB51CE06E58001F77D5 /* ImagePlay */ = {
			isa = PBXGroup;
			children = (
				3E9AEDB61CE06E58001F77D5 /* Controller */,
				3E9AEDB71CE06E58001F77D5 /* Views */,
			);
			path = ImagePlay;
			sourceTree = "<group>";
		};
		3E9AEDB61CE06E58001F77D5 /* Controller */ = {
			isa = PBXGroup;
			children = (
				3E9AEDBB1CE06EA8001F77D5 /* ImagePlayController.h */,
				3E9AEDBC1CE06EA8001F77D5 /* ImagePlayController.m */,
			);
			path = Controller;
			sourceTree = "<group>";
		};
		3E9AEDB71CE06E58001F77D5 /* Views */ = {
			isa = PBXGroup;
			children = (
				3E9AEDBE1CE06EC9001F77D5 /* QCollectionViewCell.h */,
				3E9AEDBF1CE06EC9001F77D5 /* QCollectionViewCell.m */,
			);
			path = Views;
			sourceTree = "<group>";
		};
		3E9AEDB81CE06E5F001F77D5 /* Lock */ = {
			isa = PBXGroup;
			children = (
				3E9AEDB91CE06E5F001F77D5 /* Controller */,
				3E9AEDBA1CE06E5F001F77D5 /* Views */,
			);
			path = Lock;
			sourceTree = "<group>";
		};
		3E9AEDB91CE06E5F001F77D5 /* Controller */ = {
			isa = PBXGroup;
			children = (
				3E9AEDC41CE06F88001F77D5 /* LockController.h */,
				3E9AEDC51CE06F88001F77D5 /* LockController.m */,
			);
			path = Controller;
			sourceTree = "<group>";
		};
		3E9AEDBA1CE06E5F001F77D5 /* Views */ = {
			isa = PBXGroup;
			children = (
				3E9AEDC11CE06F73001F77D5 /* LockView.h */,
				3E9AEDC21CE06F73001F77D5 /* LockView.m */,
			);
			path = Views;
			sourceTree = "<group>";
		};
		3E9AEDC71CE07016001F77D5 /* Microblog */ = {
			isa = PBXGroup;
			children = (
				3E9AEDC81CE07016001F77D5 /* Controller */,
				3E9AEDC91CE07016001F77D5 /* Models */,
				3E9AEDCA1CE07016001F77D5 /* Views */,
			);
			path = Microblog;
			sourceTree = "<group>";
		};
		3E9AEDC81CE07016001F77D5 /* Controller */ = {
			isa = PBXGroup;
			children = (
			);
			path = Controller;
			sourceTree = "<group>";
		};
		3E9AEDC91CE07016001F77D5 /* Models */ = {
			isa = PBXGroup;
			children = (
			);
			path = Models;
			sourceTree = "<group>";
		};
		3E9AEDCA1CE07016001F77D5 /* Views */ = {
			isa = PBXGroup;
			children = (
			);
			path = Views;
			sourceTree = "<group>";
		};
		3E9AEDCB1CE07016001F77D5 /* QQ */ = {
			isa = PBXGroup;
			children = (
				3E9AEDCC1CE07016001F77D5 /* Controller */,
				3E9AEDCD1CE07016001F77D5 /* Models */,
				3E9AEDCE1CE07016001F77D5 /* Star */,
				3E9AEDCF1CE07016001F77D5 /* Views */,
			);
			path = QQ;
			sourceTree = "<group>";
		};
		3E9AEDCC1CE07016001F77D5 /* Controller */ = {
			isa = PBXGroup;
			children = (
			);
			path = Controller;
			sourceTree = "<group>";
		};
		3E9AEDCD1CE07016001F77D5 /* Models */ = {
			isa = PBXGroup;
			children = (
			);
			path = Models;
			sourceTree = "<group>";
		};
		3E9AEDCE1CE07016001F77D5 /* Star */ = {
			isa = PBXGroup;
			children = (
			);
			path = Star;
			sourceTree = "<group>";
		};
		3E9AEDCF1CE07016001F77D5 /* Views */ = {
			isa = PBXGroup;
			children = (
			);
			path = Views;
			sourceTree = "<group>";
		};
		3E9AEDD01CE07016001F77D5 /* Star */ = {
			isa = PBXGroup;
			children = (
				3E9AEDD11CE07016001F77D5 /* Controller */,
			);
			path = Star;
			sourceTree = "<group>";
		};
		3E9AEDD11CE07016001F77D5 /* Controller */ = {
			isa = PBXGroup;
			children = (
				3E6103781CE093310055A3A5 /* QStarController.h */,
				3E6103791CE093310055A3A5 /* QStarController.m */,
			);
			path = Controller;
			sourceTree = "<group>";
		};
/* End PBXGroup section */

/* Begin PBXNativeTarget section */
		3E9AED2A1CE06751001F77D5 /* toolsDemo */ = {
			isa = PBXNativeTarget;
			buildConfigurationList = 3E9AED581CE06751001F77D5 /* Build configuration list for PBXNativeTarget "toolsDemo" */;
			buildPhases = (
				3E9AED271CE06751001F77D5 /* Sources */,
				3E9AED281CE06751001F77D5 /* Frameworks */,
				3E9AED291CE06751001F77D5 /* Resources */,
			);
			buildRules = (
			);
			dependencies = (
			);
			name = toolsDemo;
			productName = toolsDemo;
			productReference = 3E9AED2B1CE06751001F77D5 /* toolsDemo.app */;
			productType = "com.apple.product-type.application";
		};
		3E9AED431CE06751001F77D5 /* toolsDemoTests */ = {
			isa = PBXNativeTarget;
			buildConfigurationList = 3E9AED5B1CE06751001F77D5 /* Build configuration list for PBXNativeTarget "toolsDemoTests" */;
			buildPhases = (
				3E9AED401CE06751001F77D5 /* Sources */,
				3E9AED411CE06751001F77D5 /* Frameworks */,
				3E9AED421CE06751001F77D5 /* Resources */,
			);
			buildRules = (
			);
			dependencies = (
				3E9AED461CE06751001F77D5 /* PBXTargetDependency */,
			);
			name = toolsDemoTests;
			productName = toolsDemoTests;
			productReference = 3E9AED441CE06751001F77D5 /* toolsDemoTests.xctest */;
			productType = "com.apple.product-type.bundle.unit-test";
		};
		3E9AED4E1CE06751001F77D5 /* toolsDemoUITests */ = {
			isa = PBXNativeTarget;
			buildConfigurationList = 3E9AED5E1CE06751001F77D5 /* Build configuration list for PBXNativeTarget "toolsDemoUITests" */;
			buildPhases = (
				3E9AED4B1CE06751001F77D5 /* Sources */,
				3E9AED4C1CE06751001F77D5 /* Frameworks */,
				3E9AED4D1CE06751001F77D5 /* Resources */,
			);
			buildRules = (
			);
			dependencies = (
				3E9AED511CE06751001F77D5 /* PBXTargetDependency */,
			);
			name = toolsDemoUITests;
			productName = toolsDemoUITests;
			productReference = 3E9AED4F1CE06751001F77D5 /* toolsDemoUITests.xctest */;
			productType = "com.apple.product-type.bundle.ui-testing";
		};
/* End PBXNativeTarget section */

/* Begin PBXProject section */
		3E9AED231CE06751001F77D5 /* Project object */ = {
			isa = PBXProject;
			attributes = {
				CLASSPREFIX = Q;
				LastUpgradeCheck = 0700;
				ORGANIZATIONNAME = "钱立顺";
				TargetAttributes = {
					3E9AED2A1CE06751001F77D5 = {
						CreatedOnToolsVersion = 7.0;
					};
					3E9AED431CE06751001F77D5 = {
						CreatedOnToolsVersion = 7.0;
						TestTargetID = 3E9AED2A1CE06751001F77D5;
					};
					3E9AED4E1CE06751001F77D5 = {
						CreatedOnToolsVersion = 7.0;
						TestTargetID = 3E9AED2A1CE06751001F77D5;
					};
				};
			};
			buildConfigurationList = 3E9AED261CE06751001F77D5 /* Build configuration list for PBXProject "toolsDemo" */;
			compatibilityVersion = "Xcode 3.2";
			developmentRegion = English;
			hasScannedForEncodings = 0;
			knownRegions = (
				en,
				Base,
			);
			mainGroup = 3E9AED221CE06751001F77D5;
			productRefGroup = 3E9AED2C1CE06751001F77D5 /* Products */;
			projectDirPath = "";
			projectRoot = "";
			targets = (
				3E9AED2A1CE06751001F77D5 /* toolsDemo */,
				3E9AED431CE06751001F77D5 /* toolsDemoTests */,
				3E9AED4E1CE06751001F77D5 /* toolsDemoUITests */,
			);
		};
/* End PBXProject section */

/* Begin PBXResourcesBuildPhase section */
		3E9AED291CE06751001F77D5 /* Resources */ = {
			isa = PBXResourcesBuildPhase;
			buildActionMask = 2147483647;
			files = (
				3E9AED3E1CE06751001F77D5 /* LaunchScreen.storyboard in Resources */,
				3E9AED8A1CE067DD001F77D5 /* SVProgressHUD.bundle in Resources */,
				3E9AED781CE067D5001F77D5 /* XCBack.png in Resources */,
				3E9AED3B1CE06751001F77D5 /* Assets.xcassets in Resources */,
				3E9AED791CE067D5001F77D5 /* XChome.png in Resources */,
			);
			runOnlyForDeploymentPostprocessing = 0;
		};
		3E9AED421CE06751001F77D5 /* Resources */ = {
			isa = PBXResourcesBuildPhase;
			buildActionMask = 2147483647;
			files = (
			);
			runOnlyForDeploymentPostprocessing = 0;
		};
		3E9AED4D1CE06751001F77D5 /* Resources */ = {
			isa = PBXResourcesBuildPhase;
			buildActionMask = 2147483647;
			files = (
			);
			runOnlyForDeploymentPostprocessing = 0;
		};
/* End PBXResourcesBuildPhase section */

/* Begin PBXSourcesBuildPhase section */
		3E9AED271CE06751001F77D5 /* Sources */ = {
			isa = PBXSourcesBuildPhase;
			buildActionMask = 2147483647;
			files = (
				3E9AED751CE067D5001F77D5 /* CCTabBar.m in Sources */,
				3E9AED761CE067D5001F77D5 /* CCTabController.m in Sources */,
				3E9AED871CE067DD001F77D5 /* UITableView+SDAutoTableViewCellHeight.m in Sources */,
				3E9AEDC61CE06F88001F77D5 /* LockController.m in Sources */,
				3E9AEDBD1CE06EA8001F77D5 /* ImagePlayController.m in Sources */,
				3E9AED731CE067D5001F77D5 /* UINavigationItem+custom.m in Sources */,
				3E9AEDB41CE069DE001F77D5 /* Contact.m in Sources */,
				3E61037A1CE093310055A3A5 /* QStarController.m in Sources */,
				3E9AED941CE06827001F77D5 /* MainController.m in Sources */,
				3E9AED741CE067D5001F77D5 /* CCNavigationController.m in Sources */,
				3E9AEDA81CE0698A001F77D5 /* ContactViewController.m in Sources */,
				3E9AEDC31CE06F73001F77D5 /* LockView.m in Sources */,
				3E9AEDA51CE0693B001F77D5 /* AddViewController.m in Sources */,
				3E9AEDB11CE069CD001F77D5 /* TwoController.m in Sources */,
				3E9AED891CE067DD001F77D5 /* SVIndefiniteAnimatedView.m in Sources */,
				3E9AED951CE06827001F77D5 /* AppDelegate.m in Sources */,
				3E9AEDC01CE06EC9001F77D5 /* QCollectionViewCell.m in Sources */,
				3E9AEDAB1CE069A4001F77D5 /* EditViewController.m in Sources */,
				3E9AED9E1CE06860001F77D5 /* OneController.m in Sources */,
				3E9AED881CE067DD001F77D5 /* UIView+SDAutoLayout.m in Sources */,
				3E9AED771CE067D5001F77D5 /* CCTabItem.m in Sources */,
				3E9AED9D1CE06860001F77D5 /* DemoCell.m in Sources */,
				3E9AEDAE1CE069B6001F77D5 /* LoginViewController.m in Sources */,
				3E9AED301CE06751001F77D5 /* main.m in Sources */,
				3E9AED8B1CE067DD001F77D5 /* SVProgressHUD.m in Sources */,
				3E9AED721CE067D5001F77D5 /* UIBarButtonItem+XCC.m in Sources */,
			);
			runOnlyForDeploymentPostprocessing = 0;
		};
		3E9AED401CE06751001F77D5 /* Sources */ = {
			isa = PBXSourcesBuildPhase;
			buildActionMask = 2147483647;
			files = (
				3E9AED491CE06751001F77D5 /* toolsDemoTests.m in Sources */,
			);
			runOnlyForDeploymentPostprocessing = 0;
		};
		3E9AED4B1CE06751001F77D5 /* Sources */ = {
			isa = PBXSourcesBuildPhase;
			buildActionMask = 2147483647;
			files = (
				3E9AED541CE06751001F77D5 /* toolsDemoUITests.m in Sources */,
			);
			runOnlyForDeploymentPostprocessing = 0;
		};
/* End PBXSourcesBuildPhase section */

/* Begin PBXTargetDependency section */
		3E9AED461CE06751001F77D5 /* PBXTargetDependency */ = {
			isa = PBXTargetDependency;
			target = 3E9AED2A1CE06751001F77D5 /* toolsDemo */;
			targetProxy = 3E9AED451CE06751001F77D5 /* PBXContainerItemProxy */;
		};
		3E9AED511CE06751001F77D5 /* PBXTargetDependency */ = {
			isa = PBXTargetDependency;
			target = 3E9AED2A1CE06751001F77D5 /* toolsDemo */;
			targetProxy = 3E9AED501CE06751001F77D5 /* PBXContainerItemProxy */;
		};
/* End PBXTargetDependency section */

/* Begin PBXVariantGroup section */
		3E9AED3C1CE06751001F77D5 /* LaunchScreen.storyboard */ = {
			isa = PBXVariantGroup;
			children = (
				3E9AED3D1CE06751001F77D5 /* Base */,
			);
			name = LaunchScreen.storyboard;
			path = ..;
			sourceTree = "<group>";
		};
/* End PBXVariantGroup section */

/* Begin XCBuildConfiguration section */
		3E9AED561CE06751001F77D5 /* Debug */ = {
			isa = XCBuildConfiguration;
			buildSettings = {
				ALWAYS_SEARCH_USER_PATHS = NO;
				CLANG_CXX_LANGUAGE_STANDARD = "gnu++0x";
				CLANG_CXX_LIBRARY = "libc++";
				CLANG_ENABLE_MODULES = YES;
				CLANG_ENABLE_OBJC_ARC = YES;
				CLANG_WARN_BOOL_CONVERSION = YES;
				CLANG_WARN_CONSTANT_CONVERSION = YES;
				CLANG_WARN_DIRECT_OBJC_ISA_USAGE = YES_ERROR;
				CLANG_WARN_EMPTY_BODY = YES;
				CLANG_WARN_ENUM_CONVERSION = YES;
				CLANG_WARN_INT_CONVERSION = YES;
				CLANG_WARN_OBJC_ROOT_CLASS = YES_ERROR;
				CLANG_WARN_UNREACHABLE_CODE = YES;
				CLANG_WARN__DUPLICATE_METHOD_MATCH = YES;
				"CODE_SIGN_IDENTITY[sdk=iphoneos*]" = "iPhone Developer";
				COPY_PHASE_STRIP = NO;
				DEBUG_INFORMATION_FORMAT = dwarf;
				ENABLE_STRICT_OBJC_MSGSEND = YES;
				ENABLE_TESTABILITY = YES;
				GCC_C_LANGUAGE_STANDARD = gnu99;
				GCC_DYNAMIC_NO_PIC = NO;
				GCC_NO_COMMON_BLOCKS = YES;
				GCC_OPTIMIZATION_LEVEL = 0;
				GCC_PREPROCESSOR_DEFINITIONS = (
					"DEBUG=1",
					"$(inherited)",
				);
				GCC_WARN_64_TO_32_BIT_CONVERSION = YES;
				GCC_WARN_ABOUT_RETURN_TYPE = YES_ERROR;
				GCC_WARN_UNDECLARED_SELECTOR = YES;
				GCC_WARN_UNINITIALIZED_AUTOS = YES_AGGRESSIVE;
				GCC_WARN_UNUSED_FUNCTION = YES;
				GCC_WARN_UNUSED_VARIABLE = YES;
				IPHONEOS_DEPLOYMENT_TARGET = 9.0;
				MTL_ENABLE_DEBUG_INFO = YES;
				ONLY_ACTIVE_ARCH = YES;
				SDKROOT = iphoneos;
				TARGETED_DEVICE_FAMILY = "1,2";
			};
			name = Debug;
		};
		3E9AED571CE06751001F77D5 /* Release */ = {
			isa = XCBuildConfiguration;
			buildSettings = {
				ALWAYS_SEARCH_USER_PATHS = NO;
				CLANG_CXX_LANGUAGE_STANDARD = "gnu++0x";
				CLANG_CXX_LIBRARY = "libc++";
				CLANG_ENABLE_MODULES = YES;
				CLANG_ENABLE_OBJC_ARC = YES;
				CLANG_WARN_BOOL_CONVERSION = YES;
				CLANG_WARN_CONSTANT_CONVERSION = YES;
				CLANG_WARN_DIRECT_OBJC_ISA_USAGE = YES_ERROR;
				CLANG_WARN_EMPTY_BODY = YES;
				CLANG_WARN_ENUM_CONVERSION = YES;
				CLANG_WARN_INT_CONVERSION = YES;
				CLANG_WARN_OBJC_ROOT_CLASS = YES_ERROR;
				CLANG_WARN_UNREACHABLE_CODE = YES;
				CLANG_WARN__DUPLICATE_METHOD_MATCH = YES;
				"CODE_SIGN_IDENTITY[sdk=iphoneos*]" = "iPhone Developer";
				COPY_PHASE_STRIP = NO;
				DEBUG_INFORMATION_FORMAT = "dwarf-with-dsym";
				ENABLE_NS_ASSERTIONS = NO;
				ENABLE_STRICT_OBJC_MSGSEND = YES;
				GCC_C_LANGUAGE_STANDARD = gnu99;
				GCC_NO_COMMON_BLOCKS = YES;
				GCC_WARN_64_TO_32_BIT_CONVERSION = YES;
				GCC_WARN_ABOUT_RETURN_TYPE = YES_ERROR;
				GCC_WARN_UNDECLARED_SELECTOR = YES;
				GCC_WARN_UNINITIALIZED_AUTOS = YES_AGGRESSIVE;
				GCC_WARN_UNUSED_FUNCTION = YES;
				GCC_WARN_UNUSED_VARIABLE = YES;
				IPHONEOS_DEPLOYMENT_TARGET = 9.0;
				MTL_ENABLE_DEBUG_INFO = NO;
				SDKROOT = iphoneos;
				TARGETED_DEVICE_FAMILY = "1,2";
				VALIDATE_PRODUCT = YES;
			};
			name = Release;
		};
		3E9AED591CE06751001F77D5 /* Debug */ = {
			isa = XCBuildConfiguration;
			buildSettings = {
				ASSETCATALOG_COMPILER_APPICON_NAME = AppIcon;
				INFOPLIST_FILE = toolsDemo/Info.plist;
				LD_RUNPATH_SEARCH_PATHS = "$(inherited) @executable_path/Frameworks";
				PRODUCT_BUNDLE_IDENTIFIER = qls.toolsDemo;
				PRODUCT_NAME = "$(TARGET_NAME)";
			};
			name = Debug;
		};
		3E9AED5A1CE06751001F77D5 /* Release */ = {
			isa = XCBuildConfiguration;
			buildSettings = {
				ASSETCATALOG_COMPILER_APPICON_NAME = AppIcon;
				INFOPLIST_FILE = toolsDemo/Info.plist;
				LD_RUNPATH_SEARCH_PATHS = "$(inherited) @executable_path/Frameworks";
				PRODUCT_BUNDLE_IDENTIFIER = qls.toolsDemo;
				PRODUCT_NAME = "$(TARGET_NAME)";
			};
			name = Release;
		};
		3E9AED5C1CE06751001F77D5 /* Debug */ = {
			isa = XCBuildConfiguration;
			buildSettings = {
				BUNDLE_LOADER = "$(TEST_HOST)";
				INFOPLIST_FILE = toolsDemoTests/Info.plist;
				LD_RUNPATH_SEARCH_PATHS = "$(inherited) @executable_path/Frameworks @loader_path/Frameworks";
				PRODUCT_BUNDLE_IDENTIFIER = qls.toolsDemoTests;
				PRODUCT_NAME = "$(TARGET_NAME)";
				TEST_HOST = "$(BUILT_PRODUCTS_DIR)/toolsDemo.app/toolsDemo";
			};
			name = Debug;
		};
		3E9AED5D1CE06751001F77D5 /* Release */ = {
			isa = XCBuildConfiguration;
			buildSettings = {
				BUNDLE_LOADER = "$(TEST_HOST)";
				INFOPLIST_FILE = toolsDemoTests/Info.plist;
				LD_RUNPATH_SEARCH_PATHS = "$(inherited) @executable_path/Frameworks @loader_path/Frameworks";
				PRODUCT_BUNDLE_IDENTIFIER = qls.toolsDemoTests;
				PRODUCT_NAME = "$(TARGET_NAME)";
				TEST_HOST = "$(BUILT_PRODUCTS_DIR)/toolsDemo.app/toolsDemo";
			};
			name = Release;
		};
		3E9AED5F1CE06751001F77D5 /* Debug */ = {
			isa = XCBuildConfiguration;
			buildSettings = {
				INFOPLIST_FILE = toolsDemoUITests/Info.plist;
				LD_RUNPATH_SEARCH_PATHS = "$(inherited) @executable_path/Frameworks @loader_path/Frameworks";
				PRODUCT_BUNDLE_IDENTIFIER = qls.toolsDemoUITests;
				PRODUCT_NAME = "$(TARGET_NAME)";
				TEST_TARGET_NAME = toolsDemo;
				USES_XCTRUNNER = YES;
			};
			name = Debug;
		};
		3E9AED601CE06751001F77D5 /* Release */ = {
			isa = XCBuildConfiguration;
			buildSettings = {
				INFOPLIST_FILE = toolsDemoUITests/Info.plist;
				LD_RUNPATH_SEARCH_PATHS = "$(inherited) @executable_path/Frameworks @loader_path/Frameworks";
				PRODUCT_BUNDLE_IDENTIFIER = qls.toolsDemoUITests;
				PRODUCT_NAME = "$(TARGET_NAME)";
				TEST_TARGET_NAME = toolsDemo;
				USES_XCTRUNNER = YES;
			};
			name = Release;
		};
/* End XCBuildConfiguration section */

/* Begin XCConfigurationList section */
		3E9AED261CE06751001F77D5 /* Build configuration list for PBXProject "toolsDemo" */ = {
			isa = XCConfigurationList;
			buildConfigurations = (
				3E9AED561CE06751001F77D5 /* Debug */,
				3E9AED571CE06751001F77D5 /* Release */,
			);
			defaultConfigurationIsVisible = 0;
			defaultConfigurationName = Release;
		};
		3E9AED581CE06751001F77D5 /* Build configuration list for PBXNativeTarget "toolsDemo" */ = {
			isa = XCConfigurationList;
			buildConfigurations = (
				3E9AED591CE06751001F77D5 /* Debug */,
				3E9AED5A1CE06751001F77D5 /* Release */,
			);
			defaultConfigurationIsVisible = 0;
			defaultConfigurationName = Release;
		};
		3E9AED5B1CE06751001F77D5 /* Build configuration list for PBXNativeTarget "toolsDemoTests" */ = {
			isa = XCConfigurationList;
			buildConfigurations = (
				3E9AED5C1CE06751001F77D5 /* Debug */,
				3E9AED5D1CE06751001F77D5 /* Release */,
			);
			defaultConfigurationIsVisible = 0;
			defaultConfigurationName = Release;
		};
		3E9AED5E1CE06751001F77D5 /* Build configuration list for PBXNativeTarget "toolsDemoUITests" */ = {
			isa = XCConfigurationList;
			buildConfigurations = (
				3E9AED5F1CE06751001F77D5 /* Debug */,
				3E9AED601CE06751001F77D5 /* Release */,
			);
			defaultConfigurationIsVisible = 0;
			defaultConfigurationName = Release;
		};
/* End XCConfigurationList section */
	};
	rootObject = 3E9AED231CE06751001F77D5 /* Project object */;
}
